
Microsoft Visual Studio Solution File, Format Version 12.00
# Visual Studio Version 17
VisualStudioVersion = 17.1.32210.238
MinimumVisualStudioVersion = 10.0.40219.1
Project("{FAE04EC0-301F-11D3-BF4B-00C04F79EFBC}") = "Todo items (MVC)", "Todo items (MVC).csproj", "{AE544511-9030-4C68-A57D-D790DED7D875}"
EndProject
Global
	GlobalSection(SolutionConfigurationPlatforms) = preSolution
		Debug|Any CPU = Debug|Any CPU
		Release|Any CPU = Release|Any CPU
	EndGlobalSection
	GlobalSection(ProjectConfigurationPlatforms) = postSolution
		{AE544511-9030-4C68-A57D-D790DED7D875}.Debug|Any CPU.ActiveCfg = Debug|Any CPU
		{AE544511-9030-4C68-A57D-D790DED7D875}.Debug|Any CPU.Build.0 = Debug|Any CPU
		{AE544511-9030-4C68-A57D-D790DED7D875}.Release|Any CPU.ActiveCfg = Release|Any CPU
		{AE544511-9030-4C68-A57D-D790DED7D875}.Release|Any CPU.Build.0 = Release|Any CPU
	EndGlobalSection
	GlobalSection(SolutionProperties) = preSolution
		HideSolutionNode = FALSE
	EndGlobalSection
	GlobalSection(ExtensibilityGlobals) = postSolution
		SolutionGuid = {742C3065-1D19-49C0-B45C-3DD1E128D3B9}
	EndGlobalSection
EndGlobal
